
Microsoft Visual Studio Solution File, Format Version 12.00
# Visual Studio Version 16
VisualStudioVersion = 16.0.31313.79
MinimumVisualStudioVersion = 10.0.40219.1
Project("{FAE04EC0-301F-11D3-BF4B-00C04F79EFBC}") = "ApiGateway", "ApiGateway\ApiGateway.csproj", "{B3FCB3B0-2575-44E8-85B4-C386B9DE985B}"
EndProject
Global
	GlobalSection(SolutionConfigurationPlatforms) = preSolution
		Debug|Any CPU = Debug|Any CPU
		Release|Any CPU = Release|Any CPU
	EndGlobalSection
	GlobalSection(ProjectConfigurationPlatforms) = postSolution
		{B3FCB3B0-2575-44E8-85B4-C386B9DE985B}.Debug|Any CPU.ActiveCfg = Debug|Any CPU
		{B3FCB3B0-2575-44E8-85B4-C386B9DE985B}.Debug|Any CPU.Build.0 = Debug|Any CPU
		{B3FCB3B0-2575-44E8-85B4-C386B9DE985B}.Release|Any CPU.ActiveCfg = Release|Any CPU
		{B3FCB3B0-2575-44E8-85B4-C386B9DE985B}.Release|Any CPU.Build.0 = Release|Any CPU
	EndGlobalSection
	GlobalSection(SolutionProperties) = preSolution
		HideSolutionNode = FALSE
	EndGlobalSection
	GlobalSection(ExtensibilityGlobals) = postSolution
		SolutionGuid = {95ED4DE0-A494-4403-95B3-66C2CEE73CAD}
	EndGlobalSection
EndGlobal
